
Microsoft Visual Studio Solution File, Format Version 12.00
# Visual Studio 15
VisualStudioVersion = 15.0.28010.2016
MinimumVisualStudioVersion = 10.0.40219.1
Project("{FAE04EC0-301F-11D3-BF4B-00C04F79EFBC}") = "DatabaseConnect", "DatabaseConnect\DatabaseConnect.csproj", "{2BE60CB5-1B1C-4285-96B7-2DF1DE366507}"
EndProject
Global
	GlobalSection(SolutionConfigurationPlatforms) = preSolution
		Debug|Any CPU = Debug|Any CPU
		Release|Any CPU = Release|Any CPU
	EndGlobalSection
	GlobalSection(ProjectConfigurationPlatforms) = postSolution
		{2BE60CB5-1B1C-4285-96B7-2DF1DE366507}.Debug|Any CPU.ActiveCfg = Debug|Any CPU
		{2BE60CB5-1B1C-4285-96B7-2DF1DE366507}.Debug|Any CPU.Build.0 = Debug|Any CPU
		{2BE60CB5-1B1C-4285-96B7-2DF1DE366507}.Release|Any CPU.ActiveCfg = Release|Any CPU
		{2BE60CB5-1B1C-4285-96B7-2DF1DE366507}.Release|Any CPU.Build.0 = Release|Any CPU
	EndGlobalSection
	GlobalSection(SolutionProperties) = preSolution
		HideSolutionNode = FALSE
	EndGlobalSection
	GlobalSection(ExtensibilityGlobals) = postSolution
		SolutionGuid = {D4C7575D-B4F5-45CB-9311-5689E30CBBFA}
	EndGlobalSection
EndGlobal
